
Microsoft Visual Studio Solution File, Format Version 12.00
# Visual Studio 15
VisualStudioVersion = 15.0.28307.1267
MinimumVisualStudioVersion = 10.0.40219.1
Project("{FAE04EC0-301F-11D3-BF4B-00C04F79EFBC}") = "Lab5_CodeFirst", "Lab5_CodeFirst\Lab5_CodeFirst.csproj", "{CF66E0DD-1C33-4F33-9F27-B271ED72BF8D}"
EndProject
Global
	GlobalSection(SolutionConfigurationPlatforms) = preSolution
		Debug|Any CPU = Debug|Any CPU
		Release|Any CPU = Release|Any CPU
	EndGlobalSection
	GlobalSection(ProjectConfigurationPlatforms) = postSolution
		{CF66E0DD-1C33-4F33-9F27-B271ED72BF8D}.Debug|Any CPU.ActiveCfg = Debug|Any CPU
		{CF66E0DD-1C33-4F33-9F27-B271ED72BF8D}.Debug|Any CPU.Build.0 = Debug|Any CPU
		{CF66E0DD-1C33-4F33-9F27-B271ED72BF8D}.Release|Any CPU.ActiveCfg = Release|Any CPU
		{CF66E0DD-1C33-4F33-9F27-B271ED72BF8D}.Release|Any CPU.Build.0 = Release|Any CPU
	EndGlobalSection
	GlobalSection(SolutionProperties) = preSolution
		HideSolutionNode = FALSE
	EndGlobalSection
	GlobalSection(ExtensibilityGlobals) = postSolution
		SolutionGuid = {7CB89764-C6E8-4123-989D-291818B2A6D0}
	EndGlobalSection
EndGlobal
